
Microsoft Visual Studio Solution File, Format Version 12.00
# Visual Studio Version 16
VisualStudioVersion = 16.0.32901.82
MinimumVisualStudioVersion = 10.0.40219.1
Project("{FAE04EC0-301F-11D3-BF4B-00C04F79EFBC}") = "Karpatus", "Karpatus\Karpatus.csproj", "{62AFE5EF-1BD3-496A-BE03-516366EFF86D}"
EndProject
Global
	GlobalSection(SolutionConfigurationPlatforms) = preSolution
		Debug|Any CPU = Debug|Any CPU
		Release|Any CPU = Release|Any CPU
	EndGlobalSection
	GlobalSection(ProjectConfigurationPlatforms) = postSolution
		{62AFE5EF-1BD3-496A-BE03-516366EFF86D}.Debug|Any CPU.ActiveCfg = Debug|Any CPU
		{62AFE5EF-1BD3-496A-BE03-516366EFF86D}.Debug|Any CPU.Build.0 = Debug|Any CPU
		{62AFE5EF-1BD3-496A-BE03-516366EFF86D}.Release|Any CPU.ActiveCfg = Release|Any CPU
		{62AFE5EF-1BD3-496A-BE03-516366EFF86D}.Release|Any CPU.Build.0 = Release|Any CPU
	EndGlobalSection
	GlobalSection(SolutionProperties) = preSolution
		HideSolutionNode = FALSE
	EndGlobalSection
	GlobalSection(ExtensibilityGlobals) = postSolution
		SolutionGuid = {33F475FD-FB10-481C-8479-D97939C0ADBF}
	EndGlobalSection
EndGlobal
